
Microsoft Visual Studio Solution File, Format Version 12.00
# Visual Studio Version 17
VisualStudioVersion = 17.4.33213.308
MinimumVisualStudioVersion = 10.0.40219.1
Project("{FAE04EC0-301F-11D3-BF4B-00C04F79EFBC}") = "calculador de notas universidad", "calculador de notas universidad.csproj", "{D99C4E84-1708-42DC-AD93-E6380A229EE1}"
EndProject
Global
	GlobalSection(SolutionConfigurationPlatforms) = preSolution
		Debug|Any CPU = Debug|Any CPU
		Release|Any CPU = Release|Any CPU
	EndGlobalSection
	GlobalSection(ProjectConfigurationPlatforms) = postSolution
		{D99C4E84-1708-42DC-AD93-E6380A229EE1}.Debug|Any CPU.ActiveCfg = Debug|Any CPU
		{D99C4E84-1708-42DC-AD93-E6380A229EE1}.Debug|Any CPU.Build.0 = Debug|Any CPU
		{D99C4E84-1708-42DC-AD93-E6380A229EE1}.Release|Any CPU.ActiveCfg = Release|Any CPU
		{D99C4E84-1708-42DC-AD93-E6380A229EE1}.Release|Any CPU.Build.0 = Release|Any CPU
	EndGlobalSection
	GlobalSection(SolutionProperties) = preSolution
		HideSolutionNode = FALSE
	EndGlobalSection
	GlobalSection(ExtensibilityGlobals) = postSolution
		SolutionGuid = {55D7FAA0-6E15-41E1-A17D-17E80E348F8E}
	EndGlobalSection
EndGlobal
